PODS:
  - AppCenter/Analytics (1.13.0):
    - AppCenter/Core
  - AppCenter/Core (1.13.0)
  - AppCenter/Crashes (1.13.0):
    - AppCenter/Core
  - AppCenterReactNativeShared (1.12.0):
    - AppCenter/Core (= 1.13.0)
  - Stripe (14.0.0)

DEPENDENCIES:
  - AppCenter/Analytics (~> 1.13.0)
  - AppCenter/Crashes (~> 1.13.0)
  - AppCenterReactNativeShared (~> 1.12.0)
  - Stripe (~> 14.0.0)

SPEC REPOS:
  https://github.com/cocoapods/specs.git:
    - AppCenter
    - AppCenterReactNativeShared
    - Stripe

SPEC CHECKSUMS:
  AppCenter: a70408f15de23f925001bfc7b7473094a009a4eb
  AppCenterReactNativeShared: 542de3c68bcec89fba964213048287592a443976
  Stripe: db29ad197c74aca6fb981e4e8355cf7ebd0fca5a

PODFILE CHECKSUM: 9f1bc2fd6a03b9874b62dbc7e9621ce759567441

COCOAPODS: 1.5.3
